
Microsoft Visual Studio Solution File, Format Version 12.00
# Visual Studio Version 16
VisualStudioVersion = 16.0.30413.136
MinimumVisualStudioVersion = 10.0.40219.1
Project("{8BC9CEB8-8B4A-11D0-8D11-00A0C91BC942}") = "Problem04", "Problem04\Problem04.vcxproj", "{D5A6B1A9-92FB-468F-AF78-B729640E0D29}"
EndProject
Project("{8BC9CEB8-8B4A-11D0-8D11-00A0C91BC942}") = "Problem08", "Problem08\Problem08.vcxproj", "{10948C97-E1E3-4C32-9970-DFA7EAF9E1DF}"
EndProject
Project("{8BC9CEB8-8B4A-11D0-8D11-00A0C91BC942}") = "Problem12", "Problem12\Problem12.vcxproj", "{676F0BC5-DF5A-424B-BD3F-B3F4037DFD30}"
EndProject
Project("{8BC9CEB8-8B4A-11D0-8D11-00A0C91BC942}") = "Problem16", "Problem16\Problem16.vcxproj", "{2553B488-4D05-4A7B-8FE1-29836BB2E605}"
EndProject
Project("{8BC9CEB8-8B4A-11D0-8D11-00A0C91BC942}") = "Problem02", "Problem02\Problem02.vcxproj", "{5AAE3F07-39D7-4EA4-88AA-9AA75613DFAE}"
EndProject
Project("{8BC9CEB8-8B4A-11D0-8D11-00A0C91BC942}") = "Problem14", "Problem14\Problem14.vcxproj", "{591D0A74-5C8A-4E4B-A2E5-54730E1B2FAC}"
EndProject
Project("{8BC9CEB8-8B4A-11D0-8D11-00A0C91BC942}") = "Problem10", "Problem10\Problem10.vcxproj", "{AA4248C3-EC85-47CF-AB08-56BCFCDF4798}"
EndProject
Project("{8BC9CEB8-8B4A-11D0-8D11-00A0C91BC942}") = "Problem06", "Problem06\Problem06.vcxproj", "{0B3A2A3C-67E1-48B0-BE40-E223FE67E407}"
EndProject
Global
	GlobalSection(SolutionConfigurationPlatforms) = preSolution
		Debug|x64 = Debug|x64
		Debug|x86 = Debug|x86
		Release|x64 = Release|x64
		Release|x86 = Release|x86
	EndGlobalSection
	GlobalSection(ProjectConfigurationPlatforms) = postSolution
		{D5A6B1A9-92FB-468F-AF78-B729640E0D29}.Debug|x64.ActiveCfg = Debug|x64
		{D5A6B1A9-92FB-468F-AF78-B729640E0D29}.Debug|x64.Build.0 = Debug|x64
		{D5A6B1A9-92FB-468F-AF78-B729640E0D29}.Debug|x86.ActiveCfg = Debug|Win32
		{D5A6B1A9-92FB-468F-AF78-B729640E0D29}.Debug|x86.Build.0 = Debug|Win32
		{D5A6B1A9-92FB-468F-AF78-B729640E0D29}.Release|x64.ActiveCfg = Release|x64
		{D5A6B1A9-92FB-468F-AF78-B729640E0D29}.Release|x64.Build.0 = Release|x64
		{D5A6B1A9-92FB-468F-AF78-B729640E0D29}.Release|x86.ActiveCfg = Release|Win32
		{D5A6B1A9-92FB-468F-AF78-B729640E0D29}.Release|x86.Build.0 = Release|Win32
		{10948C97-E1E3-4C32-9970-DFA7EAF9E1DF}.Debug|x64.ActiveCfg = Debug|x64
		{10948C97-E1E3-4C32-9970-DFA7EAF9E1DF}.Debug|x64.Build.0 = Debug|x64
		{10948C97-E1E3-4C32-9970-DFA7EAF9E1DF}.Debug|x86.ActiveCfg = Debug|Win32
		{10948C97-E1E3-4C32-9970-DFA7EAF9E1DF}.Debug|x86.Build.0 = Debug|Win32
		{10948C97-E1E3-4C32-9970-DFA7EAF9E1DF}.Release|x64.ActiveCfg = Release|x64
		{10948C97-E1E3-4C32-9970-DFA7EAF9E1DF}.Release|x64.Build.0 = Release|x64
		{10948C97-E1E3-4C32-9970-DFA7EAF9E1DF}.Release|x86.ActiveCfg = Release|Win32
		{10948C97-E1E3-4C32-9970-DFA7EAF9E1DF}.Release|x86.Build.0 = Release|Win32
		{676F0BC5-DF5A-424B-BD3F-B3F4037DFD30}.Debug|x64.ActiveCfg = Debug|x64
		{676F0BC5-DF5A-424B-BD3F-B3F4037DFD30}.Debug|x64.Build.0 = Debug|x64
		{676F0BC5-DF5A-424B-BD3F-B3F4037DFD30}.Debug|x86.ActiveCfg = Debug|Win32
		{676F0BC5-DF5A-424B-BD3F-B3F4037DFD30}.Debug|x86.Build.0 = Debug|Win32
		{676F0BC5-DF5A-424B-BD3F-B3F4037DFD30}.Release|x64.ActiveCfg = Release|x64
		{676F0BC5-DF5A-424B-BD3F-B3F4037DFD30}.Release|x64.Build.0 = Release|x64
		{676F0BC5-DF5A-424B-BD3F-B3F4037DFD30}.Release|x86.ActiveCfg = Release|Win32
		{676F0BC5-DF5A-424B-BD3F-B3F4037DFD30}.Release|x86.Build.0 = Release|Win32
		{2553B488-4D05-4A7B-8FE1-29836BB2E605}.Debug|x64.ActiveCfg = Debug|x64
		{2553B488-4D05-4A7B-8FE1-29836BB2E605}.Debug|x64.Build.0 = Debug|x64
		{2553B488-4D05-4A7B-8FE1-29836BB2E605}.Debug|x86.ActiveCfg = Debug|Win32
		{2553B488-4D05-4A7B-8FE1-29836BB2E605}.Debug|x86.Build.0 = Debug|Win32
		{2553B488-4D05-4A7B-8FE1-29836BB2E605}.Release|x64.ActiveCfg = Release|x64
		{2553B488-4D05-4A7B-8FE1-29836BB2E605}.Release|x64.Build.0 = Release|x64
		{2553B488-4D05-4A7B-8FE1-29836BB2E605}.Release|x86.ActiveCfg = Release|Win32
		{2553B488-4D05-4A7B-8FE1-29836BB2E605}.Release|x86.Build.0 = Release|Win32
		{5AAE3F07-39D7-4EA4-88AA-9AA75613DFAE}.Debug|x64.ActiveCfg = Debug|x64
		{5AAE3F07-39D7-4EA4-88AA-9AA75613DFAE}.Debug|x64.Build.0 = Debug|x64
		{5AAE3F07-39D7-4EA4-88AA-9AA75613DFAE}.Debug|x86.ActiveCfg = Debug|Win32
		{5AAE3F07-39D7-4EA4-88AA-9AA75613DFAE}.Debug|x86.Build.0 = Debug|Win32
		{5AAE3F07-39D7-4EA4-88AA-9AA75613DFAE}.Release|x64.ActiveCfg = Release|x64
		{5AAE3F07-39D7-4EA4-88AA-9AA75613DFAE}.Release|x64.Build.0 = Release|x64
		{5AAE3F07-39D7-4EA4-88AA-9AA75613DFAE}.Release|x86.ActiveCfg = Release|Win32
		{5AAE3F07-39D7-4EA4-88AA-9AA75613DFAE}.Release|x86.Build.0 = Release|Win32
		{591D0A74-5C8A-4E4B-A2E5-54730E1B2FAC}.Debug|x64.ActiveCfg = Debug|x64
		{591D0A74-5C8A-4E4B-A2E5-54730E1B2FAC}.Debug|x64.Build.0 = Debug|x64
		{591D0A74-5C8A-4E4B-A2E5-54730E1B2FAC}.Debug|x86.ActiveCfg = Debug|Win32
		{591D0A74-5C8A-4E4B-A2E5-54730E1B2FAC}.Debug|x86.Build.0 = Debug|Win32
		{591D0A74-5C8A-4E4B-A2E5-54730E1B2FAC}.Release|x64.ActiveCfg = Release|x64
		{591D0A74-5C8A-4E4B-A2E5-54730E1B2FAC}.Release|x64.Build.0 = Release|x64
		{591D0A74-5C8A-4E4B-A2E5-54730E1B2FAC}.Release|x86.ActiveCfg = Release|Win32
		{591D0A74-5C8A-4E4B-A2E5-54730E1B2FAC}.Release|x86.Build.0 = Release|Win32
		{AA4248C3-EC85-47CF-AB08-56BCFCDF4798}.Debug|x64.ActiveCfg = Debug|x64
		{AA4248C3-EC85-47CF-AB08-56BCFCDF4798}.Debug|x64.Build.0 = Debug|x64
		{AA4248C3-EC85-47CF-AB08-56BCFCDF4798}.Debug|x86.ActiveCfg = Debug|Win32
		{AA4248C3-EC85-47CF-AB08-56BCFCDF4798}.Debug|x86.Build.0 = Debug|Win32
		{AA4248C3-EC85-47CF-AB08-56BCFCDF4798}.Release|x64.ActiveCfg = Release|x64
		{AA4248C3-EC85-47CF-AB08-56BCFCDF4798}.Release|x64.Build.0 = Release|x64
		{AA4248C3-EC85-47CF-AB08-56BCFCDF4798}.Release|x86.ActiveCfg = Release|Win32
		{AA4248C3-EC85-47CF-AB08-56BCFCDF4798}.Release|x86.Build.0 = Release|Win32
		{0B3A2A3C-67E1-48B0-BE40-E223FE67E407}.Debug|x64.ActiveCfg = Debug|x64
		{0B3A2A3C-67E1-48B0-BE40-E223FE67E407}.Debug|x64.Build.0 = Debug|x64
		{0B3A2A3C-67E1-48B0-BE40-E223FE67E407}.Debug|x86.ActiveCfg = Debug|Win32
		{0B3A2A3C-67E1-48B0-BE40-E223FE67E407}.Debug|x86.Build.0 = Debug|Win32
		{0B3A2A3C-67E1-48B0-BE40-E223FE67E407}.Release|x64.ActiveCfg = Release|x64
		{0B3A2A3C-67E1-48B0-BE40-E223FE67E407}.Release|x64.Build.0 = Release|x64
		{0B3A2A3C-67E1-48B0-BE40-E223FE67E407}.Release|x86.ActiveCfg = Release|Win32
		{0B3A2A3C-67E1-48B0-BE40-E223FE67E407}.Release|x86.Build.0 = Release|Win32
	EndGlobalSection
	GlobalSection(SolutionProperties) = preSolution
		HideSolutionNode = FALSE
	EndGlobalSection
	GlobalSection(ExtensibilityGlobals) = postSolution
		SolutionGuid = {E3191F07-18D9-4FB2-AB89-87F8BCFA84F2}
	EndGlobalSection
EndGlobal
