
Microsoft Visual Studio Solution File, Format Version 12.00
# Visual Studio Version 16
VisualStudioVersion = 16.0.30413.136
MinimumVisualStudioVersion = 10.0.40219.1
Project("{8BC9CEB8-8B4A-11D0-8D11-00A0C91BC942}") = "Problem01", "Problem01\Problem01.vcxproj", "{41EF4DA7-5683-4800-9E3C-D83AC37BDFA2}"
EndProject
Project("{8BC9CEB8-8B4A-11D0-8D11-00A0C91BC942}") = "Problem02", "Problem02\Problem02.vcxproj", "{B8EC4478-D3D4-49C9-8656-87E9F94BD293}"
EndProject
Project("{8BC9CEB8-8B4A-11D0-8D11-00A0C91BC942}") = "Problem03", "Problem03\Problem03.vcxproj", "{8587E8E4-147D-4A8F-92A1-777E59C16AC7}"
EndProject
Project("{8BC9CEB8-8B4A-11D0-8D11-00A0C91BC942}") = "Problem04", "Problem04\Problem04.vcxproj", "{F8FEBC94-48ED-4C65-85DD-5FF51A337F6E}"
EndProject
Project("{8BC9CEB8-8B4A-11D0-8D11-00A0C91BC942}") = "Problem07", "Problem07\Problem07.vcxproj", "{A052413B-E247-4BF6-8479-316EEFF4FE5F}"
EndProject
Project("{8BC9CEB8-8B4A-11D0-8D11-00A0C91BC942}") = "Problem08", "Problem08\Problem08.vcxproj", "{D17C6DED-CB1D-43A6-B535-774DCCE98657}"
EndProject
Global
	GlobalSection(SolutionConfigurationPlatforms) = preSolution
		Debug|x64 = Debug|x64
		Debug|x86 = Debug|x86
		Release|x64 = Release|x64
		Release|x86 = Release|x86
	EndGlobalSection
	GlobalSection(ProjectConfigurationPlatforms) = postSolution
		{41EF4DA7-5683-4800-9E3C-D83AC37BDFA2}.Debug|x64.ActiveCfg = Debug|x64
		{41EF4DA7-5683-4800-9E3C-D83AC37BDFA2}.Debug|x64.Build.0 = Debug|x64
		{41EF4DA7-5683-4800-9E3C-D83AC37BDFA2}.Debug|x86.ActiveCfg = Debug|Win32
		{41EF4DA7-5683-4800-9E3C-D83AC37BDFA2}.Debug|x86.Build.0 = Debug|Win32
		{41EF4DA7-5683-4800-9E3C-D83AC37BDFA2}.Release|x64.ActiveCfg = Release|x64
		{41EF4DA7-5683-4800-9E3C-D83AC37BDFA2}.Release|x64.Build.0 = Release|x64
		{41EF4DA7-5683-4800-9E3C-D83AC37BDFA2}.Release|x86.ActiveCfg = Release|Win32
		{41EF4DA7-5683-4800-9E3C-D83AC37BDFA2}.Release|x86.Build.0 = Release|Win32
		{B8EC4478-D3D4-49C9-8656-87E9F94BD293}.Debug|x64.ActiveCfg = Debug|x64
		{B8EC4478-D3D4-49C9-8656-87E9F94BD293}.Debug|x64.Build.0 = Debug|x64
		{B8EC4478-D3D4-49C9-8656-87E9F94BD293}.Debug|x86.ActiveCfg = Debug|Win32
		{B8EC4478-D3D4-49C9-8656-87E9F94BD293}.Debug|x86.Build.0 = Debug|Win32
		{B8EC4478-D3D4-49C9-8656-87E9F94BD293}.Release|x64.ActiveCfg = Release|x64
		{B8EC4478-D3D4-49C9-8656-87E9F94BD293}.Release|x64.Build.0 = Release|x64
		{B8EC4478-D3D4-49C9-8656-87E9F94BD293}.Release|x86.ActiveCfg = Release|Win32
		{B8EC4478-D3D4-49C9-8656-87E9F94BD293}.Release|x86.Build.0 = Release|Win32
		{8587E8E4-147D-4A8F-92A1-777E59C16AC7}.Debug|x64.ActiveCfg = Debug|x64
		{8587E8E4-147D-4A8F-92A1-777E59C16AC7}.Debug|x64.Build.0 = Debug|x64
		{8587E8E4-147D-4A8F-92A1-777E59C16AC7}.Debug|x86.ActiveCfg = Debug|Win32
		{8587E8E4-147D-4A8F-92A1-777E59C16AC7}.Debug|x86.Build.0 = Debug|Win32
		{8587E8E4-147D-4A8F-92A1-777E59C16AC7}.Release|x64.ActiveCfg = Release|x64
		{8587E8E4-147D-4A8F-92A1-777E59C16AC7}.Release|x64.Build.0 = Release|x64
		{8587E8E4-147D-4A8F-92A1-777E59C16AC7}.Release|x86.ActiveCfg = Release|Win32
		{8587E8E4-147D-4A8F-92A1-777E59C16AC7}.Release|x86.Build.0 = Release|Win32
		{F8FEBC94-48ED-4C65-85DD-5FF51A337F6E}.Debug|x64.ActiveCfg = Debug|x64
		{F8FEBC94-48ED-4C65-85DD-5FF51A337F6E}.Debug|x64.Build.0 = Debug|x64
		{F8FEBC94-48ED-4C65-85DD-5FF51A337F6E}.Debug|x86.ActiveCfg = Debug|Win32
		{F8FEBC94-48ED-4C65-85DD-5FF51A337F6E}.Debug|x86.Build.0 = Debug|Win32
		{F8FEBC94-48ED-4C65-85DD-5FF51A337F6E}.Release|x64.ActiveCfg = Release|x64
		{F8FEBC94-48ED-4C65-85DD-5FF51A337F6E}.Release|x64.Build.0 = Release|x64
		{F8FEBC94-48ED-4C65-85DD-5FF51A337F6E}.Release|x86.ActiveCfg = Release|Win32
		{F8FEBC94-48ED-4C65-85DD-5FF51A337F6E}.Release|x86.Build.0 = Release|Win32
		{A052413B-E247-4BF6-8479-316EEFF4FE5F}.Debug|x64.ActiveCfg = Debug|x64
		{A052413B-E247-4BF6-8479-316EEFF4FE5F}.Debug|x64.Build.0 = Debug|x64
		{A052413B-E247-4BF6-8479-316EEFF4FE5F}.Debug|x86.ActiveCfg = Debug|Win32
		{A052413B-E247-4BF6-8479-316EEFF4FE5F}.Debug|x86.Build.0 = Debug|Win32
		{A052413B-E247-4BF6-8479-316EEFF4FE5F}.Release|x64.ActiveCfg = Release|x64
		{A052413B-E247-4BF6-8479-316EEFF4FE5F}.Release|x64.Build.0 = Release|x64
		{A052413B-E247-4BF6-8479-316EEFF4FE5F}.Release|x86.ActiveCfg = Release|Win32
		{A052413B-E247-4BF6-8479-316EEFF4FE5F}.Release|x86.Build.0 = Release|Win32
		{D17C6DED-CB1D-43A6-B535-774DCCE98657}.Debug|x64.ActiveCfg = Debug|x64
		{D17C6DED-CB1D-43A6-B535-774DCCE98657}.Debug|x64.Build.0 = Debug|x64
		{D17C6DED-CB1D-43A6-B535-774DCCE98657}.Debug|x86.ActiveCfg = Debug|Win32
		{D17C6DED-CB1D-43A6-B535-774DCCE98657}.Debug|x86.Build.0 = Debug|Win32
		{D17C6DED-CB1D-43A6-B535-774DCCE98657}.Release|x64.ActiveCfg = Release|x64
		{D17C6DED-CB1D-43A6-B535-774DCCE98657}.Release|x64.Build.0 = Release|x64
		{D17C6DED-CB1D-43A6-B535-774DCCE98657}.Release|x86.ActiveCfg = Release|Win32
		{D17C6DED-CB1D-43A6-B535-774DCCE98657}.Release|x86.Build.0 = Release|Win32
	EndGlobalSection
	GlobalSection(SolutionProperties) = preSolution
		HideSolutionNode = FALSE
	EndGlobalSection
	GlobalSection(ExtensibilityGlobals) = postSolution
		SolutionGuid = {7EF918C4-CB32-4FDF-8C04-6B75D2ADF943}
	EndGlobalSection
EndGlobal
