
Microsoft Visual Studio Solution File, Format Version 12.00
# Visual Studio Version 16
VisualStudioVersion = 16.0.30413.136
MinimumVisualStudioVersion = 10.0.40219.1
Project("{8BC9CEB8-8B4A-11D0-8D11-00A0C91BC942}") = "Problem01", "Problem01\Problem01.vcxproj", "{7170D0C6-C602-4672-8033-FB67269E544E}"
EndProject
Project("{8BC9CEB8-8B4A-11D0-8D11-00A0C91BC942}") = "Problem02", "Problem02\Problem02.vcxproj", "{6C204D90-CC98-46F8-9540-4E1E7B746D05}"
EndProject
Global
	GlobalSection(SolutionConfigurationPlatforms) = preSolution
		Debug|x64 = Debug|x64
		Debug|x86 = Debug|x86
		Release|x64 = Release|x64
		Release|x86 = Release|x86
	EndGlobalSection
	GlobalSection(ProjectConfigurationPlatforms) = postSolution
		{7170D0C6-C602-4672-8033-FB67269E544E}.Debug|x64.ActiveCfg = Debug|x64
		{7170D0C6-C602-4672-8033-FB67269E544E}.Debug|x64.Build.0 = Debug|x64
		{7170D0C6-C602-4672-8033-FB67269E544E}.Debug|x86.ActiveCfg = Debug|Win32
		{7170D0C6-C602-4672-8033-FB67269E544E}.Debug|x86.Build.0 = Debug|Win32
		{7170D0C6-C602-4672-8033-FB67269E544E}.Release|x64.ActiveCfg = Release|x64
		{7170D0C6-C602-4672-8033-FB67269E544E}.Release|x64.Build.0 = Release|x64
		{7170D0C6-C602-4672-8033-FB67269E544E}.Release|x86.ActiveCfg = Release|Win32
		{7170D0C6-C602-4672-8033-FB67269E544E}.Release|x86.Build.0 = Release|Win32
		{6C204D90-CC98-46F8-9540-4E1E7B746D05}.Debug|x64.ActiveCfg = Debug|x64
		{6C204D90-CC98-46F8-9540-4E1E7B746D05}.Debug|x64.Build.0 = Debug|x64
		{6C204D90-CC98-46F8-9540-4E1E7B746D05}.Debug|x86.ActiveCfg = Debug|Win32
		{6C204D90-CC98-46F8-9540-4E1E7B746D05}.Debug|x86.Build.0 = Debug|Win32
		{6C204D90-CC98-46F8-9540-4E1E7B746D05}.Release|x64.ActiveCfg = Release|x64
		{6C204D90-CC98-46F8-9540-4E1E7B746D05}.Release|x64.Build.0 = Release|x64
		{6C204D90-CC98-46F8-9540-4E1E7B746D05}.Release|x86.ActiveCfg = Release|Win32
		{6C204D90-CC98-46F8-9540-4E1E7B746D05}.Release|x86.Build.0 = Release|Win32
	EndGlobalSection
	GlobalSection(SolutionProperties) = preSolution
		HideSolutionNode = FALSE
	EndGlobalSection
	GlobalSection(ExtensibilityGlobals) = postSolution
		SolutionGuid = {3CB26D4B-589C-4212-BB32-C4EF731ED18B}
	EndGlobalSection
EndGlobal
