
Microsoft Visual Studio Solution File, Format Version 12.00
# Visual Studio Version 16
VisualStudioVersion = 16.0.30413.136
MinimumVisualStudioVersion = 10.0.40219.1
Project("{8BC9CEB8-8B4A-11D0-8D11-00A0C91BC942}") = "Problem08", "Problem08\Problem08.vcxproj", "{119ADDE6-4BB0-4A52-B3CC-ED58A873B557}"
EndProject
Project("{8BC9CEB8-8B4A-11D0-8D11-00A0C91BC942}") = "Problem07", "Problem07\Problem07.vcxproj", "{326A1B9B-3FA7-4EFC-9582-6E64648F90C2}"
EndProject
Project("{8BC9CEB8-8B4A-11D0-8D11-00A0C91BC942}") = "Problem03_Shop", "Problem03_Shop\Problem03_Shop.vcxproj", "{ECB12901-1F98-4102-959B-D273B7D454F7}"
EndProject
Project("{8BC9CEB8-8B4A-11D0-8D11-00A0C91BC942}") = "Problem06", "Problem06\Problem06.vcxproj", "{E5FDD54F-4461-4304-BCA9-7D6C2C60F4F4}"
EndProject
Project("{8BC9CEB8-8B4A-11D0-8D11-00A0C91BC942}") = "Problem01", "Problem01\Problem01.vcxproj", "{8571EF00-0551-4E13-AB63-7532D7E4F00E}"
EndProject
Global
	GlobalSection(SolutionConfigurationPlatforms) = preSolution
		Debug|x64 = Debug|x64
		Debug|x86 = Debug|x86
		Release|x64 = Release|x64
		Release|x86 = Release|x86
	EndGlobalSection
	GlobalSection(ProjectConfigurationPlatforms) = postSolution
		{119ADDE6-4BB0-4A52-B3CC-ED58A873B557}.Debug|x64.ActiveCfg = Debug|x64
		{119ADDE6-4BB0-4A52-B3CC-ED58A873B557}.Debug|x64.Build.0 = Debug|x64
		{119ADDE6-4BB0-4A52-B3CC-ED58A873B557}.Debug|x86.ActiveCfg = Debug|Win32
		{119ADDE6-4BB0-4A52-B3CC-ED58A873B557}.Debug|x86.Build.0 = Debug|Win32
		{119ADDE6-4BB0-4A52-B3CC-ED58A873B557}.Release|x64.ActiveCfg = Release|x64
		{119ADDE6-4BB0-4A52-B3CC-ED58A873B557}.Release|x64.Build.0 = Release|x64
		{119ADDE6-4BB0-4A52-B3CC-ED58A873B557}.Release|x86.ActiveCfg = Release|Win32
		{119ADDE6-4BB0-4A52-B3CC-ED58A873B557}.Release|x86.Build.0 = Release|Win32
		{326A1B9B-3FA7-4EFC-9582-6E64648F90C2}.Debug|x64.ActiveCfg = Debug|x64
		{326A1B9B-3FA7-4EFC-9582-6E64648F90C2}.Debug|x64.Build.0 = Debug|x64
		{326A1B9B-3FA7-4EFC-9582-6E64648F90C2}.Debug|x86.ActiveCfg = Debug|Win32
		{326A1B9B-3FA7-4EFC-9582-6E64648F90C2}.Debug|x86.Build.0 = Debug|Win32
		{326A1B9B-3FA7-4EFC-9582-6E64648F90C2}.Release|x64.ActiveCfg = Release|x64
		{326A1B9B-3FA7-4EFC-9582-6E64648F90C2}.Release|x64.Build.0 = Release|x64
		{326A1B9B-3FA7-4EFC-9582-6E64648F90C2}.Release|x86.ActiveCfg = Release|Win32
		{326A1B9B-3FA7-4EFC-9582-6E64648F90C2}.Release|x86.Build.0 = Release|Win32
		{ECB12901-1F98-4102-959B-D273B7D454F7}.Debug|x64.ActiveCfg = Debug|x64
		{ECB12901-1F98-4102-959B-D273B7D454F7}.Debug|x64.Build.0 = Debug|x64
		{ECB12901-1F98-4102-959B-D273B7D454F7}.Debug|x86.ActiveCfg = Debug|Win32
		{ECB12901-1F98-4102-959B-D273B7D454F7}.Debug|x86.Build.0 = Debug|Win32
		{ECB12901-1F98-4102-959B-D273B7D454F7}.Release|x64.ActiveCfg = Release|x64
		{ECB12901-1F98-4102-959B-D273B7D454F7}.Release|x64.Build.0 = Release|x64
		{ECB12901-1F98-4102-959B-D273B7D454F7}.Release|x86.ActiveCfg = Release|Win32
		{ECB12901-1F98-4102-959B-D273B7D454F7}.Release|x86.Build.0 = Release|Win32
		{E5FDD54F-4461-4304-BCA9-7D6C2C60F4F4}.Debug|x64.ActiveCfg = Debug|x64
		{E5FDD54F-4461-4304-BCA9-7D6C2C60F4F4}.Debug|x64.Build.0 = Debug|x64
		{E5FDD54F-4461-4304-BCA9-7D6C2C60F4F4}.Debug|x86.ActiveCfg = Debug|Win32
		{E5FDD54F-4461-4304-BCA9-7D6C2C60F4F4}.Debug|x86.Build.0 = Debug|Win32
		{E5FDD54F-4461-4304-BCA9-7D6C2C60F4F4}.Release|x64.ActiveCfg = Release|x64
		{E5FDD54F-4461-4304-BCA9-7D6C2C60F4F4}.Release|x64.Build.0 = Release|x64
		{E5FDD54F-4461-4304-BCA9-7D6C2C60F4F4}.Release|x86.ActiveCfg = Release|Win32
		{E5FDD54F-4461-4304-BCA9-7D6C2C60F4F4}.Release|x86.Build.0 = Release|Win32
		{8571EF00-0551-4E13-AB63-7532D7E4F00E}.Debug|x64.ActiveCfg = Debug|x64
		{8571EF00-0551-4E13-AB63-7532D7E4F00E}.Debug|x64.Build.0 = Debug|x64
		{8571EF00-0551-4E13-AB63-7532D7E4F00E}.Debug|x86.ActiveCfg = Debug|Win32
		{8571EF00-0551-4E13-AB63-7532D7E4F00E}.Debug|x86.Build.0 = Debug|Win32
		{8571EF00-0551-4E13-AB63-7532D7E4F00E}.Release|x64.ActiveCfg = Release|x64
		{8571EF00-0551-4E13-AB63-7532D7E4F00E}.Release|x64.Build.0 = Release|x64
		{8571EF00-0551-4E13-AB63-7532D7E4F00E}.Release|x86.ActiveCfg = Release|Win32
		{8571EF00-0551-4E13-AB63-7532D7E4F00E}.Release|x86.Build.0 = Release|Win32
	EndGlobalSection
	GlobalSection(SolutionProperties) = preSolution
		HideSolutionNode = FALSE
	EndGlobalSection
	GlobalSection(ExtensibilityGlobals) = postSolution
		SolutionGuid = {25075A39-F844-4A41-825F-8DB0F93AF409}
	EndGlobalSection
EndGlobal
