
Microsoft Visual Studio Solution File, Format Version 12.00
# Visual Studio Version 16
VisualStudioVersion = 16.0.30413.136
MinimumVisualStudioVersion = 10.0.40219.1
Project("{2150E333-8FDC-42A3-9474-1A3956D46DE8}") = "Week04", "Week04", "{9A4EE12E-9001-4922-977F-80C293136338}"
EndProject
Project("{2150E333-8FDC-42A3-9474-1A3956D46DE8}") = "Week03", "Week03", "{195836CD-CEC8-4A9F-8D36-16FD273B2DDD}"
EndProject
Project("{2150E333-8FDC-42A3-9474-1A3956D46DE8}") = "Week02", "Week02", "{20EDB327-A3E0-43F4-9089-75089F6551FE}"
EndProject
Project("{8BC9CEB8-8B4A-11D0-8D11-00A0C91BC942}") = "Problem01", "Week04\Problem01\Problem01.vcxproj", "{C52D0F0C-DE62-4C45-BCF9-F1D2D9E74D78}"
EndProject
Project("{8BC9CEB8-8B4A-11D0-8D11-00A0C91BC942}") = "Problem01", "Week03\Problem01\Problem01.vcxproj", "{8CD66F98-8CE7-4036-B23A-7B726F344895}"
EndProject
Project("{8BC9CEB8-8B4A-11D0-8D11-00A0C91BC942}") = "Problem02", "Week03\Problem02\Problem02.vcxproj", "{2F377CAD-F465-4E93-BAD6-6101757CDF28}"
EndProject
Project("{8BC9CEB8-8B4A-11D0-8D11-00A0C91BC942}") = "Problem01", "Week02\Problem01\Problem01.vcxproj", "{54D60377-528D-4236-A270-B1E9A4C65D68}"
EndProject
Project("{8BC9CEB8-8B4A-11D0-8D11-00A0C91BC942}") = "Problem02", "Week02\Problem02\Problem02.vcxproj", "{67A95A58-E21F-4295-918A-1AC9331B63E0}"
EndProject
Project("{8BC9CEB8-8B4A-11D0-8D11-00A0C91BC942}") = "Problem03", "Week02\Problem03\Problem03.vcxproj", "{5929EBB8-7B79-4E8A-9862-6888AC7A24B2}"
EndProject
Project("{8BC9CEB8-8B4A-11D0-8D11-00A0C91BC942}") = "Problem04", "Week02\Problem04\Problem04.vcxproj", "{51AE2B27-1B27-47D8-8155-32D6C10E0B5B}"
EndProject
Project("{8BC9CEB8-8B4A-11D0-8D11-00A0C91BC942}") = "Problem05", "Week02\Problem05\Problem05.vcxproj", "{6D223828-83FC-4A1C-9F15-436972F1DA10}"
EndProject
Project("{8BC9CEB8-8B4A-11D0-8D11-00A0C91BC942}") = "Problem06", "Week02\Problem06\Problem06.vcxproj", "{3D046B72-0BEE-45C6-BC1D-4317144CB228}"
EndProject
Project("{8BC9CEB8-8B4A-11D0-8D11-00A0C91BC942}") = "Problem07", "Week02\Problem07\Problem07.vcxproj", "{D57740A1-991F-4392-8BBF-524A897749CF}"
EndProject
Project("{8BC9CEB8-8B4A-11D0-8D11-00A0C91BC942}") = "Problem08", "Week02\Problem08\Problem08.vcxproj", "{997F9246-2E5B-49B5-A41E-A33A1E12CF04}"
EndProject
Project("{8BC9CEB8-8B4A-11D0-8D11-00A0C91BC942}") = "Problem02", "Week04\Problem02\Problem02.vcxproj", "{BC6700AA-02CC-4776-AB11-DE7E1B294202}"
EndProject
Project("{8BC9CEB8-8B4A-11D0-8D11-00A0C91BC942}") = "Problem03", "Week04\Problem03\Problem03.vcxproj", "{FE4AED68-DA83-4A37-AE68-D4503AF831C9}"
EndProject
Project("{2150E333-8FDC-42A3-9474-1A3956D46DE8}") = "Week05", "Week05", "{19D886AA-E8C4-47CA-969E-4BE032A0BF68}"
EndProject
Project("{8BC9CEB8-8B4A-11D0-8D11-00A0C91BC942}") = "Problem01", "Week05\Problem01\Problem01.vcxproj", "{9B55F18A-061B-48F6-813D-5344546A73F8}"
EndProject
Project("{2150E333-8FDC-42A3-9474-1A3956D46DE8}") = "Week06", "Week06", "{622931EE-C024-4294-AD09-0882BBA28934}"
EndProject
Project("{8BC9CEB8-8B4A-11D0-8D11-00A0C91BC942}") = "Problem01", "Week06\Problem01\Problem01.vcxproj", "{FC3E3666-89FA-4EA6-B36F-D2F39CA1ED83}"
EndProject
Global
	GlobalSection(SolutionConfigurationPlatforms) = preSolution
		Debug|x64 = Debug|x64
		Debug|x86 = Debug|x86
		Release|x64 = Release|x64
		Release|x86 = Release|x86
	EndGlobalSection
	GlobalSection(ProjectConfigurationPlatforms) = postSolution
		{C52D0F0C-DE62-4C45-BCF9-F1D2D9E74D78}.Debug|x64.ActiveCfg = Debug|x64
		{C52D0F0C-DE62-4C45-BCF9-F1D2D9E74D78}.Debug|x64.Build.0 = Debug|x64
		{C52D0F0C-DE62-4C45-BCF9-F1D2D9E74D78}.Debug|x86.ActiveCfg = Debug|Win32
		{C52D0F0C-DE62-4C45-BCF9-F1D2D9E74D78}.Debug|x86.Build.0 = Debug|Win32
		{C52D0F0C-DE62-4C45-BCF9-F1D2D9E74D78}.Release|x64.ActiveCfg = Release|x64
		{C52D0F0C-DE62-4C45-BCF9-F1D2D9E74D78}.Release|x64.Build.0 = Release|x64
		{C52D0F0C-DE62-4C45-BCF9-F1D2D9E74D78}.Release|x86.ActiveCfg = Release|Win32
		{C52D0F0C-DE62-4C45-BCF9-F1D2D9E74D78}.Release|x86.Build.0 = Release|Win32
		{8CD66F98-8CE7-4036-B23A-7B726F344895}.Debug|x64.ActiveCfg = Debug|x64
		{8CD66F98-8CE7-4036-B23A-7B726F344895}.Debug|x64.Build.0 = Debug|x64
		{8CD66F98-8CE7-4036-B23A-7B726F344895}.Debug|x86.ActiveCfg = Debug|Win32
		{8CD66F98-8CE7-4036-B23A-7B726F344895}.Debug|x86.Build.0 = Debug|Win32
		{8CD66F98-8CE7-4036-B23A-7B726F344895}.Release|x64.ActiveCfg = Release|x64
		{8CD66F98-8CE7-4036-B23A-7B726F344895}.Release|x64.Build.0 = Release|x64
		{8CD66F98-8CE7-4036-B23A-7B726F344895}.Release|x86.ActiveCfg = Release|Win32
		{8CD66F98-8CE7-4036-B23A-7B726F344895}.Release|x86.Build.0 = Release|Win32
		{2F377CAD-F465-4E93-BAD6-6101757CDF28}.Debug|x64.ActiveCfg = Debug|x64
		{2F377CAD-F465-4E93-BAD6-6101757CDF28}.Debug|x64.Build.0 = Debug|x64
		{2F377CAD-F465-4E93-BAD6-6101757CDF28}.Debug|x86.ActiveCfg = Debug|Win32
		{2F377CAD-F465-4E93-BAD6-6101757CDF28}.Debug|x86.Build.0 = Debug|Win32
		{2F377CAD-F465-4E93-BAD6-6101757CDF28}.Release|x64.ActiveCfg = Release|x64
		{2F377CAD-F465-4E93-BAD6-6101757CDF28}.Release|x64.Build.0 = Release|x64
		{2F377CAD-F465-4E93-BAD6-6101757CDF28}.Release|x86.ActiveCfg = Release|Win32
		{2F377CAD-F465-4E93-BAD6-6101757CDF28}.Release|x86.Build.0 = Release|Win32
		{54D60377-528D-4236-A270-B1E9A4C65D68}.Debug|x64.ActiveCfg = Debug|x64
		{54D60377-528D-4236-A270-B1E9A4C65D68}.Debug|x64.Build.0 = Debug|x64
		{54D60377-528D-4236-A270-B1E9A4C65D68}.Debug|x86.ActiveCfg = Debug|Win32
		{54D60377-528D-4236-A270-B1E9A4C65D68}.Debug|x86.Build.0 = Debug|Win32
		{54D60377-528D-4236-A270-B1E9A4C65D68}.Release|x64.ActiveCfg = Release|x64
		{54D60377-528D-4236-A270-B1E9A4C65D68}.Release|x64.Build.0 = Release|x64
		{54D60377-528D-4236-A270-B1E9A4C65D68}.Release|x86.ActiveCfg = Release|Win32
		{54D60377-528D-4236-A270-B1E9A4C65D68}.Release|x86.Build.0 = Release|Win32
		{67A95A58-E21F-4295-918A-1AC9331B63E0}.Debug|x64.ActiveCfg = Debug|x64
		{67A95A58-E21F-4295-918A-1AC9331B63E0}.Debug|x64.Build.0 = Debug|x64
		{67A95A58-E21F-4295-918A-1AC9331B63E0}.Debug|x86.ActiveCfg = Debug|Win32
		{67A95A58-E21F-4295-918A-1AC9331B63E0}.Debug|x86.Build.0 = Debug|Win32
		{67A95A58-E21F-4295-918A-1AC9331B63E0}.Release|x64.ActiveCfg = Release|x64
		{67A95A58-E21F-4295-918A-1AC9331B63E0}.Release|x64.Build.0 = Release|x64
		{67A95A58-E21F-4295-918A-1AC9331B63E0}.Release|x86.ActiveCfg = Release|Win32
		{67A95A58-E21F-4295-918A-1AC9331B63E0}.Release|x86.Build.0 = Release|Win32
		{5929EBB8-7B79-4E8A-9862-6888AC7A24B2}.Debug|x64.ActiveCfg = Debug|x64
		{5929EBB8-7B79-4E8A-9862-6888AC7A24B2}.Debug|x64.Build.0 = Debug|x64
		{5929EBB8-7B79-4E8A-9862-6888AC7A24B2}.Debug|x86.ActiveCfg = Debug|Win32
		{5929EBB8-7B79-4E8A-9862-6888AC7A24B2}.Debug|x86.Build.0 = Debug|Win32
		{5929EBB8-7B79-4E8A-9862-6888AC7A24B2}.Release|x64.ActiveCfg = Release|x64
		{5929EBB8-7B79-4E8A-9862-6888AC7A24B2}.Release|x64.Build.0 = Release|x64
		{5929EBB8-7B79-4E8A-9862-6888AC7A24B2}.Release|x86.ActiveCfg = Release|Win32
		{5929EBB8-7B79-4E8A-9862-6888AC7A24B2}.Release|x86.Build.0 = Release|Win32
		{51AE2B27-1B27-47D8-8155-32D6C10E0B5B}.Debug|x64.ActiveCfg = Debug|x64
		{51AE2B27-1B27-47D8-8155-32D6C10E0B5B}.Debug|x64.Build.0 = Debug|x64
		{51AE2B27-1B27-47D8-8155-32D6C10E0B5B}.Debug|x86.ActiveCfg = Debug|Win32
		{51AE2B27-1B27-47D8-8155-32D6C10E0B5B}.Debug|x86.Build.0 = Debug|Win32
		{51AE2B27-1B27-47D8-8155-32D6C10E0B5B}.Release|x64.ActiveCfg = Release|x64
		{51AE2B27-1B27-47D8-8155-32D6C10E0B5B}.Release|x64.Build.0 = Release|x64
		{51AE2B27-1B27-47D8-8155-32D6C10E0B5B}.Release|x86.ActiveCfg = Release|Win32
		{51AE2B27-1B27-47D8-8155-32D6C10E0B5B}.Release|x86.Build.0 = Release|Win32
		{6D223828-83FC-4A1C-9F15-436972F1DA10}.Debug|x64.ActiveCfg = Debug|x64
		{6D223828-83FC-4A1C-9F15-436972F1DA10}.Debug|x64.Build.0 = Debug|x64
		{6D223828-83FC-4A1C-9F15-436972F1DA10}.Debug|x86.ActiveCfg = Debug|Win32
		{6D223828-83FC-4A1C-9F15-436972F1DA10}.Debug|x86.Build.0 = Debug|Win32
		{6D223828-83FC-4A1C-9F15-436972F1DA10}.Release|x64.ActiveCfg = Release|x64
		{6D223828-83FC-4A1C-9F15-436972F1DA10}.Release|x64.Build.0 = Release|x64
		{6D223828-83FC-4A1C-9F15-436972F1DA10}.Release|x86.ActiveCfg = Release|Win32
		{6D223828-83FC-4A1C-9F15-436972F1DA10}.Release|x86.Build.0 = Release|Win32
		{3D046B72-0BEE-45C6-BC1D-4317144CB228}.Debug|x64.ActiveCfg = Debug|x64
		{3D046B72-0BEE-45C6-BC1D-4317144CB228}.Debug|x64.Build.0 = Debug|x64
		{3D046B72-0BEE-45C6-BC1D-4317144CB228}.Debug|x86.ActiveCfg = Debug|Win32
		{3D046B72-0BEE-45C6-BC1D-4317144CB228}.Debug|x86.Build.0 = Debug|Win32
		{3D046B72-0BEE-45C6-BC1D-4317144CB228}.Release|x64.ActiveCfg = Release|x64
		{3D046B72-0BEE-45C6-BC1D-4317144CB228}.Release|x64.Build.0 = Release|x64
		{3D046B72-0BEE-45C6-BC1D-4317144CB228}.Release|x86.ActiveCfg = Release|Win32
		{3D046B72-0BEE-45C6-BC1D-4317144CB228}.Release|x86.Build.0 = Release|Win32
		{D57740A1-991F-4392-8BBF-524A897749CF}.Debug|x64.ActiveCfg = Debug|x64
		{D57740A1-991F-4392-8BBF-524A897749CF}.Debug|x64.Build.0 = Debug|x64
		{D57740A1-991F-4392-8BBF-524A897749CF}.Debug|x86.ActiveCfg = Debug|Win32
		{D57740A1-991F-4392-8BBF-524A897749CF}.Debug|x86.Build.0 = Debug|Win32
		{D57740A1-991F-4392-8BBF-524A897749CF}.Release|x64.ActiveCfg = Release|x64
		{D57740A1-991F-4392-8BBF-524A897749CF}.Release|x64.Build.0 = Release|x64
		{D57740A1-991F-4392-8BBF-524A897749CF}.Release|x86.ActiveCfg = Release|Win32
		{D57740A1-991F-4392-8BBF-524A897749CF}.Release|x86.Build.0 = Release|Win32
		{997F9246-2E5B-49B5-A41E-A33A1E12CF04}.Debug|x64.ActiveCfg = Debug|x64
		{997F9246-2E5B-49B5-A41E-A33A1E12CF04}.Debug|x64.Build.0 = Debug|x64
		{997F9246-2E5B-49B5-A41E-A33A1E12CF04}.Debug|x86.ActiveCfg = Debug|Win32
		{997F9246-2E5B-49B5-A41E-A33A1E12CF04}.Debug|x86.Build.0 = Debug|Win32
		{997F9246-2E5B-49B5-A41E-A33A1E12CF04}.Release|x64.ActiveCfg = Release|x64
		{997F9246-2E5B-49B5-A41E-A33A1E12CF04}.Release|x64.Build.0 = Release|x64
		{997F9246-2E5B-49B5-A41E-A33A1E12CF04}.Release|x86.ActiveCfg = Release|Win32
		{997F9246-2E5B-49B5-A41E-A33A1E12CF04}.Release|x86.Build.0 = Release|Win32
		{BC6700AA-02CC-4776-AB11-DE7E1B294202}.Debug|x64.ActiveCfg = Debug|x64
		{BC6700AA-02CC-4776-AB11-DE7E1B294202}.Debug|x64.Build.0 = Debug|x64
		{BC6700AA-02CC-4776-AB11-DE7E1B294202}.Debug|x86.ActiveCfg = Debug|Win32
		{BC6700AA-02CC-4776-AB11-DE7E1B294202}.Debug|x86.Build.0 = Debug|Win32
		{BC6700AA-02CC-4776-AB11-DE7E1B294202}.Release|x64.ActiveCfg = Release|x64
		{BC6700AA-02CC-4776-AB11-DE7E1B294202}.Release|x64.Build.0 = Release|x64
		{BC6700AA-02CC-4776-AB11-DE7E1B294202}.Release|x86.ActiveCfg = Release|Win32
		{BC6700AA-02CC-4776-AB11-DE7E1B294202}.Release|x86.Build.0 = Release|Win32
		{FE4AED68-DA83-4A37-AE68-D4503AF831C9}.Debug|x64.ActiveCfg = Debug|x64
		{FE4AED68-DA83-4A37-AE68-D4503AF831C9}.Debug|x64.Build.0 = Debug|x64
		{FE4AED68-DA83-4A37-AE68-D4503AF831C9}.Debug|x86.ActiveCfg = Debug|Win32
		{FE4AED68-DA83-4A37-AE68-D4503AF831C9}.Debug|x86.Build.0 = Debug|Win32
		{FE4AED68-DA83-4A37-AE68-D4503AF831C9}.Release|x64.ActiveCfg = Release|x64
		{FE4AED68-DA83-4A37-AE68-D4503AF831C9}.Release|x64.Build.0 = Release|x64
		{FE4AED68-DA83-4A37-AE68-D4503AF831C9}.Release|x86.ActiveCfg = Release|Win32
		{FE4AED68-DA83-4A37-AE68-D4503AF831C9}.Release|x86.Build.0 = Release|Win32
		{9B55F18A-061B-48F6-813D-5344546A73F8}.Debug|x64.ActiveCfg = Debug|x64
		{9B55F18A-061B-48F6-813D-5344546A73F8}.Debug|x64.Build.0 = Debug|x64
		{9B55F18A-061B-48F6-813D-5344546A73F8}.Debug|x86.ActiveCfg = Debug|Win32
		{9B55F18A-061B-48F6-813D-5344546A73F8}.Debug|x86.Build.0 = Debug|Win32
		{9B55F18A-061B-48F6-813D-5344546A73F8}.Release|x64.ActiveCfg = Release|x64
		{9B55F18A-061B-48F6-813D-5344546A73F8}.Release|x64.Build.0 = Release|x64
		{9B55F18A-061B-48F6-813D-5344546A73F8}.Release|x86.ActiveCfg = Release|Win32
		{9B55F18A-061B-48F6-813D-5344546A73F8}.Release|x86.Build.0 = Release|Win32
		{FC3E3666-89FA-4EA6-B36F-D2F39CA1ED83}.Debug|x64.ActiveCfg = Debug|x64
		{FC3E3666-89FA-4EA6-B36F-D2F39CA1ED83}.Debug|x64.Build.0 = Debug|x64
		{FC3E3666-89FA-4EA6-B36F-D2F39CA1ED83}.Debug|x86.ActiveCfg = Debug|Win32
		{FC3E3666-89FA-4EA6-B36F-D2F39CA1ED83}.Debug|x86.Build.0 = Debug|Win32
		{FC3E3666-89FA-4EA6-B36F-D2F39CA1ED83}.Release|x64.ActiveCfg = Release|x64
		{FC3E3666-89FA-4EA6-B36F-D2F39CA1ED83}.Release|x64.Build.0 = Release|x64
		{FC3E3666-89FA-4EA6-B36F-D2F39CA1ED83}.Release|x86.ActiveCfg = Release|Win32
		{FC3E3666-89FA-4EA6-B36F-D2F39CA1ED83}.Release|x86.Build.0 = Release|Win32
	EndGlobalSection
	GlobalSection(SolutionProperties) = preSolution
		HideSolutionNode = FALSE
	EndGlobalSection
	GlobalSection(NestedProjects) = preSolution
		{C52D0F0C-DE62-4C45-BCF9-F1D2D9E74D78} = {9A4EE12E-9001-4922-977F-80C293136338}
		{8CD66F98-8CE7-4036-B23A-7B726F344895} = {195836CD-CEC8-4A9F-8D36-16FD273B2DDD}
		{2F377CAD-F465-4E93-BAD6-6101757CDF28} = {195836CD-CEC8-4A9F-8D36-16FD273B2DDD}
		{54D60377-528D-4236-A270-B1E9A4C65D68} = {20EDB327-A3E0-43F4-9089-75089F6551FE}
		{67A95A58-E21F-4295-918A-1AC9331B63E0} = {20EDB327-A3E0-43F4-9089-75089F6551FE}
		{5929EBB8-7B79-4E8A-9862-6888AC7A24B2} = {20EDB327-A3E0-43F4-9089-75089F6551FE}
		{51AE2B27-1B27-47D8-8155-32D6C10E0B5B} = {20EDB327-A3E0-43F4-9089-75089F6551FE}
		{6D223828-83FC-4A1C-9F15-436972F1DA10} = {20EDB327-A3E0-43F4-9089-75089F6551FE}
		{3D046B72-0BEE-45C6-BC1D-4317144CB228} = {20EDB327-A3E0-43F4-9089-75089F6551FE}
		{D57740A1-991F-4392-8BBF-524A897749CF} = {20EDB327-A3E0-43F4-9089-75089F6551FE}
		{997F9246-2E5B-49B5-A41E-A33A1E12CF04} = {20EDB327-A3E0-43F4-9089-75089F6551FE}
		{BC6700AA-02CC-4776-AB11-DE7E1B294202} = {9A4EE12E-9001-4922-977F-80C293136338}
		{FE4AED68-DA83-4A37-AE68-D4503AF831C9} = {9A4EE12E-9001-4922-977F-80C293136338}
		{9B55F18A-061B-48F6-813D-5344546A73F8} = {19D886AA-E8C4-47CA-969E-4BE032A0BF68}
		{FC3E3666-89FA-4EA6-B36F-D2F39CA1ED83} = {622931EE-C024-4294-AD09-0882BBA28934}
	EndGlobalSection
	GlobalSection(ExtensibilityGlobals) = postSolution
		SolutionGuid = {F93493A4-347A-431B-93C6-BA5FB1844930}
	EndGlobalSection
EndGlobal
