
Microsoft Visual Studio Solution File, Format Version 12.00
# Visual Studio Version 16
VisualStudioVersion = 16.0.30413.136
MinimumVisualStudioVersion = 10.0.40219.1
Project("{2150E333-8FDC-42A3-9474-1A3956D46DE8}") = "Session04", "Session04", "{9A4EE12E-9001-4922-977F-80C293136338}"
EndProject
Project("{2150E333-8FDC-42A3-9474-1A3956D46DE8}") = "Session03", "Session03", "{195836CD-CEC8-4A9F-8D36-16FD273B2DDD}"
EndProject
Project("{2150E333-8FDC-42A3-9474-1A3956D46DE8}") = "Session02", "Session02", "{20EDB327-A3E0-43F4-9089-75089F6551FE}"
EndProject
Global
	GlobalSection(SolutionProperties) = preSolution
		HideSolutionNode = FALSE
	EndGlobalSection
	GlobalSection(ExtensibilityGlobals) = postSolution
		SolutionGuid = {F93493A4-347A-431B-93C6-BA5FB1844930}
	EndGlobalSection
EndGlobal
